// !$*UTF8*$!
{
	archiveVersion = 1;
	classes = {
	};
	objectVersion = 56;
	objects = {

/* Begin PBXBuildFile section */
		85D5A7912A3A2243004F24B5 /* ActivityTracker4_0App.swift in Sources */ = {isa = PBXBuildFile; fileRef = 85D5A7902A3A2243004F24B5 /* ActivityTracker4_0App.swift */; };
		85D5A7952A3A2248004F24B5 /* Assets.xcassets in Resources */ = {isa = PBXBuildFile; fileRef = 85D5A7942A3A2248004F24B5 /* Assets.xcassets */; };
		85D5A7982A3A2248004F24B5 /* Preview Assets.xcassets in Resources */ = {isa = PBXBuildFile; fileRef = 85D5A7972A3A2248004F24B5 /* Preview Assets.xcassets */; };
		85D5A7AA2A3A24D3004F24B5 /* MainView.swift in Sources */ = {isa = PBXBuildFile; fileRef = 85D5A7A92A3A24D3004F24B5 /* MainView.swift */; };
		85D5A7AC2A3A2797004F24B5 /* Activtiy.swift in Sources */ = {isa = PBXBuildFile; fileRef = 85D5A7AB2A3A2797004F24B5 /* Activtiy.swift */; };
		85D5A7AE2A3A2915004F24B5 /* DiagramArc.swift in Sources */ = {isa = PBXBuildFile; fileRef = 85D5A7AD2A3A2915004F24B5 /* DiagramArc.swift */; };
		85D5A7B02A3A29C5004F24B5 /* ArchThemeColor.swift in Sources */ = {isa = PBXBuildFile; fileRef = 85D5A7AF2A3A29C5004F24B5 /* ArchThemeColor.swift */; };
		85D5A7B22A3A2A8D004F24B5 /* ErrorWrapper.swift in Sources */ = {isa = PBXBuildFile; fileRef = 85D5A7B12A3A2A8D004F24B5 /* ErrorWrapper.swift */; };
		85D5A7B42A3A2C17004F24B5 /* Goal.swift in Sources */ = {isa = PBXBuildFile; fileRef = 85D5A7B32A3A2C17004F24B5 /* Goal.swift */; };
		85D5A7B62A3A2CC7004F24B5 /* MainEdit.swift in Sources */ = {isa = PBXBuildFile; fileRef = 85D5A7B52A3A2CC7004F24B5 /* MainEdit.swift */; };
		85D5A7B82A3A2D27004F24B5 /* ErrorView.swift in Sources */ = {isa = PBXBuildFile; fileRef = 85D5A7B72A3A2D27004F24B5 /* ErrorView.swift */; };
		85D5A7BA2A3A2D7F004F24B5 /* AddView.swift in Sources */ = {isa = PBXBuildFile; fileRef = 85D5A7B92A3A2D7F004F24B5 /* AddView.swift */; };
		85D5A7BC2A3A2DCB004F24B5 /* ThemePicker.swift in Sources */ = {isa = PBXBuildFile; fileRef = 85D5A7BB2A3A2DCB004F24B5 /* ThemePicker.swift */; };
		85D5A7BE2A3A2E1B004F24B5 /* ThemeView.swift in Sources */ = {isa = PBXBuildFile; fileRef = 85D5A7BD2A3A2E1B004F24B5 /* ThemeView.swift */; };
		85D5A7C02A3A2E59004F24B5 /* DetailEditView.swift in Sources */ = {isa = PBXBuildFile; fileRef = 85D5A7BF2A3A2E59004F24B5 /* DetailEditView.swift */; };
		85D5A7C22A3A2EBC004F24B5 /* CounterView.swift in Sources */ = {isa = PBXBuildFile; fileRef = 85D5A7C12A3A2EBC004F24B5 /* CounterView.swift */; };
		85D5A7C42A3A2F86004F24B5 /* SubView.swift in Sources */ = {isa = PBXBuildFile; fileRef = 85D5A7C32A3A2F86004F24B5 /* SubView.swift */; };
		85D5A7C62A3A2FC5004F24B5 /* MainHeaderView.swift in Sources */ = {isa = PBXBuildFile; fileRef = 85D5A7C52A3A2FC5004F24B5 /* MainHeaderView.swift */; };
		85D5A7C82A3A3020004F24B5 /* MainDiagramView.swift in Sources */ = {isa = PBXBuildFile; fileRef = 85D5A7C72A3A301F004F24B5 /* MainDiagramView.swift */; };
		85D5A7CA2A3A305C004F24B5 /* ArcView.swift in Sources */ = {isa = PBXBuildFile; fileRef = 85D5A7C92A3A305C004F24B5 /* ArcView.swift */; };
		85D5A7CC2A3A30B2004F24B5 /* MainFooterView.swift in Sources */ = {isa = PBXBuildFile; fileRef = 85D5A7CB2A3A30B2004F24B5 /* MainFooterView.swift */; };
/* End PBXBuildFile section */

/* Begin PBXFileReference section */
		85D5A78D2A3A2243004F24B5 /* ActivityTracker4.0.app */ = {isa = PBXFileReference; explicitFileType = wrapper.application; includeInIndex = 0; path = ActivityTracker4.0.app; sourceTree = BUILT_PRODUCTS_DIR; };
		85D5A7902A3A2243004F24B5 /* ActivityTracker4_0App.swift */ = {isa = PBXFileReference; lastKnownFileType = sourcecode.swift; path = ActivityTracker4_0App.swift; sourceTree = "<group>"; };
		85D5A7942A3A2248004F24B5 /* Assets.xcassets */ = {isa = PBXFileReference; lastKnownFileType = folder.assetcatalog; path = Assets.xcassets; sourceTree = "<group>"; };
		85D5A7972A3A2248004F24B5 /* Preview Assets.xcassets */ = {isa = PBXFileReference; lastKnownFileType = folder.assetcatalog; path = "Preview Assets.xcassets"; sourceTree = "<group>"; };
		85D5A7A92A3A24D3004F24B5 /* MainView.swift */ = {isa = PBXFileReference; lastKnownFileType = sourcecode.swift; path = MainView.swift; sourceTree = "<group>"; };
		85D5A7AB2A3A2797004F24B5 /* Activtiy.swift */ = {isa = PBXFileReference; lastKnownFileType = sourcecode.swift; path = Activtiy.swift; sourceTree = "<group>"; };
		85D5A7AD2A3A2915004F24B5 /* DiagramArc.swift */ = {isa = PBXFileReference; lastKnownFileType = sourcecode.swift; path = DiagramArc.swift; sourceTree = "<group>"; };
		85D5A7AF2A3A29C5004F24B5 /* ArchThemeColor.swift */ = {isa = PBXFileReference; lastKnownFileType = sourcecode.swift; path = ArchThemeColor.swift; sourceTree = "<group>"; };
		85D5A7B12A3A2A8D004F24B5 /* ErrorWrapper.swift */ = {isa = PBXFileReference; lastKnownFileType = sourcecode.swift; path = ErrorWrapper.swift; sourceTree = "<group>"; };
		85D5A7B32A3A2C17004F24B5 /* Goal.swift */ = {isa = PBXFileReference; lastKnownFileType = sourcecode.swift; path = Goal.swift; sourceTree = "<group>"; };
		85D5A7B52A3A2CC7004F24B5 /* MainEdit.swift */ = {isa = PBXFileReference; lastKnownFileType = sourcecode.swift; path = MainEdit.swift; sourceTree = "<group>"; };
		85D5A7B72A3A2D27004F24B5 /* ErrorView.swift */ = {isa = PBXFileReference; lastKnownFileType = sourcecode.swift; path = ErrorView.swift; sourceTree = "<group>"; };
		85D5A7B92A3A2D7F004F24B5 /* AddView.swift */ = {isa = PBXFileReference; lastKnownFileType = sourcecode.swift; path = AddView.swift; sourceTree = "<group>"; };
		85D5A7BB2A3A2DCB004F24B5 /* ThemePicker.swift */ = {isa = PBXFileReference; lastKnownFileType = sourcecode.swift; path = ThemePicker.swift; sourceTree = "<group>"; };
		85D5A7BD2A3A2E1B004F24B5 /* ThemeView.swift */ = {isa = PBXFileReference; lastKnownFileType = sourcecode.swift; path = ThemeView.swift; sourceTree = "<group>"; };
		85D5A7BF2A3A2E59004F24B5 /* DetailEditView.swift */ = {isa = PBXFileReference; lastKnownFileType = sourcecode.swift; path = DetailEditView.swift; sourceTree = "<group>"; };
		85D5A7C12A3A2EBC004F24B5 /* CounterView.swift */ = {isa = PBXFileReference; lastKnownFileType = sourcecode.swift; path = CounterView.swift; sourceTree = "<group>"; };
		85D5A7C32A3A2F86004F24B5 /* SubView.swift */ = {isa = PBXFileReference; lastKnownFileType = sourcecode.swift; path = SubView.swift; sourceTree = "<group>"; };
		85D5A7C52A3A2FC5004F24B5 /* MainHeaderView.swift */ = {isa = PBXFileReference; lastKnownFileType = sourcecode.swift; path = MainHeaderView.swift; sourceTree = "<group>"; };
		85D5A7C72A3A301F004F24B5 /* MainDiagramView.swift */ = {isa = PBXFileReference; lastKnownFileType = sourcecode.swift; path = MainDiagramView.swift; sourceTree = "<group>"; };
		85D5A7C92A3A305C004F24B5 /* ArcView.swift */ = {isa = PBXFileReference; lastKnownFileType = sourcecode.swift; path = ArcView.swift; sourceTree = "<group>"; };
		85D5A7CB2A3A30B2004F24B5 /* MainFooterView.swift */ = {isa = PBXFileReference; lastKnownFileType = sourcecode.swift; path = MainFooterView.swift; sourceTree = "<group>"; };
/* End PBXFileReference section */

/* Begin PBXFrameworksBuildPhase section */
		85D5A78A2A3A2243004F24B5 /* Frameworks */ = {
			isa = PBXFrameworksBuildPhase;
			buildActionMask = 2147483647;
			files = (
			);
			runOnlyForDeploymentPostprocessing = 0;
		};
/* End PBXFrameworksBuildPhase section */

/* Begin PBXGroup section */
		85D5A7842A3A2243004F24B5 = {
			isa = PBXGroup;
			children = (
				85D5A78F2A3A2243004F24B5 /* ActivityTracker4.0 */,
				85D5A78E2A3A2243004F24B5 /* Products */,
			);
			sourceTree = "<group>";
		};
		85D5A78E2A3A2243004F24B5 /* Products */ = {
			isa = PBXGroup;
			children = (
				85D5A78D2A3A2243004F24B5 /* ActivityTracker4.0.app */,
			);
			name = Products;
			sourceTree = "<group>";
		};
		85D5A78F2A3A2243004F24B5 /* ActivityTracker4.0 */ = {
			isa = PBXGroup;
			children = (
				85D5A79E2A3A226B004F24B5 /* Models */,
				85D5A7902A3A2243004F24B5 /* ActivityTracker4_0App.swift */,
				85D5A7A92A3A24D3004F24B5 /* MainView.swift */,
				85D5A7B52A3A2CC7004F24B5 /* MainEdit.swift */,
				85D5A7B72A3A2D27004F24B5 /* ErrorView.swift */,
				85D5A7B92A3A2D7F004F24B5 /* AddView.swift */,
				85D5A7BB2A3A2DCB004F24B5 /* ThemePicker.swift */,
				85D5A7BD2A3A2E1B004F24B5 /* ThemeView.swift */,
				85D5A7BF2A3A2E59004F24B5 /* DetailEditView.swift */,
				85D5A7C12A3A2EBC004F24B5 /* CounterView.swift */,
				85D5A7C32A3A2F86004F24B5 /* SubView.swift */,
				85D5A7C52A3A2FC5004F24B5 /* MainHeaderView.swift */,
				85D5A7C72A3A301F004F24B5 /* MainDiagramView.swift */,
				85D5A7C92A3A305C004F24B5 /* ArcView.swift */,
				85D5A7CB2A3A30B2004F24B5 /* MainFooterView.swift */,
				85D5A7942A3A2248004F24B5 /* Assets.xcassets */,
				85D5A7962A3A2248004F24B5 /* Preview Content */,
			);
			path = ActivityTracker4.0;
			sourceTree = "<group>";
		};
		85D5A7962A3A2248004F24B5 /* Preview Content */ = {
			isa = PBXGroup;
			children = (
				85D5A7972A3A2248004F24B5 /* Preview Assets.xcassets */,
			);
			path = "Preview Content";
			sourceTree = "<group>";
		};
		85D5A79E2A3A226B004F24B5 /* Models */ = {
			isa = PBXGroup;
			children = (
				85D5A7AB2A3A2797004F24B5 /* Activtiy.swift */,
				85D5A7AD2A3A2915004F24B5 /* DiagramArc.swift */,
				85D5A7AF2A3A29C5004F24B5 /* ArchThemeColor.swift */,
				85D5A7B12A3A2A8D004F24B5 /* ErrorWrapper.swift */,
				85D5A7B32A3A2C17004F24B5 /* Goal.swift */,
			);
			path = Models;
			sourceTree = "<group>";
		};
/* End PBXGroup section */

/* Begin PBXNativeTarget section */
		85D5A78C2A3A2243004F24B5 /* ActivityTracker4.0 */ = {
			isa = PBXNativeTarget;
			buildConfigurationList = 85D5A79B2A3A2248004F24B5 /* Build configuration list for PBXNativeTarget "ActivityTracker4.0" */;
			buildPhases = (
				85D5A7892A3A2243004F24B5 /* Sources */,
				85D5A78A2A3A2243004F24B5 /* Frameworks */,
				85D5A78B2A3A2243004F24B5 /* Resources */,
			);
			buildRules = (
			);
			dependencies = (
			);
			name = ActivityTracker4.0;
			productName = ActivityTracker4.0;
			productReference = 85D5A78D2A3A2243004F24B5 /* ActivityTracker4.0.app */;
			productType = "com.apple.product-type.application";
		};
/* End PBXNativeTarget section */

/* Begin PBXProject section */
		85D5A7852A3A2243004F24B5 /* Project object */ = {
			isa = PBXProject;
			attributes = {
				BuildIndependentTargetsInParallel = 1;
				LastSwiftUpdateCheck = 1430;
				LastUpgradeCheck = 1430;
				TargetAttributes = {
					85D5A78C2A3A2243004F24B5 = {
						CreatedOnToolsVersion = 14.3.1;
					};
				};
			};
			buildConfigurationList = 85D5A7882A3A2243004F24B5 /* Build configuration list for PBXProject "ActivityTracker4.0" */;
			compatibilityVersion = "Xcode 14.0";
			developmentRegion = en;
			hasScannedForEncodings = 0;
			knownRegions = (
				en,
				Base,
			);
			mainGroup = 85D5A7842A3A2243004F24B5;
			productRefGroup = 85D5A78E2A3A2243004F24B5 /* Products */;
			projectDirPath = "";
			projectRoot = "";
			targets = (
				85D5A78C2A3A2243004F24B5 /* ActivityTracker4.0 */,
			);
		};
/* End PBXProject section */

/* Begin PBXResourcesBuildPhase section */
		85D5A78B2A3A2243004F24B5 /* Resources */ = {
			isa = PBXResourcesBuildPhase;
			buildActionMask = 2147483647;
			files = (
				85D5A7982A3A2248004F24B5 /* Preview Assets.xcassets in Resources */,
				85D5A7952A3A2248004F24B5 /* Assets.xcassets in Resources */,
			);
			runOnlyForDeploymentPostprocessing = 0;
		};
/* End PBXResourcesBuildPhase section */

/* Begin PBXSourcesBuildPhase section */
		85D5A7892A3A2243004F24B5 /* Sources */ = {
			isa = PBXSourcesBuildPhase;
			buildActionMask = 2147483647;
			files = (
				85D5A7B42A3A2C17004F24B5 /* Goal.swift in Sources */,
				85D5A7AA2A3A24D3004F24B5 /* MainView.swift in Sources */,
				85D5A7B22A3A2A8D004F24B5 /* ErrorWrapper.swift in Sources */,
				85D5A7BE2A3A2E1B004F24B5 /* ThemeView.swift in Sources */,
				85D5A7AE2A3A2915004F24B5 /* DiagramArc.swift in Sources */,
				85D5A7B82A3A2D27004F24B5 /* ErrorView.swift in Sources */,
				85D5A7BA2A3A2D7F004F24B5 /* AddView.swift in Sources */,
				85D5A7AC2A3A2797004F24B5 /* Activtiy.swift in Sources */,
				85D5A7C62A3A2FC5004F24B5 /* MainHeaderView.swift in Sources */,
				85D5A7C02A3A2E59004F24B5 /* DetailEditView.swift in Sources */,
				85D5A7CC2A3A30B2004F24B5 /* MainFooterView.swift in Sources */,
				85D5A7C42A3A2F86004F24B5 /* SubView.swift in Sources */,
				85D5A7912A3A2243004F24B5 /* ActivityTracker4_0App.swift in Sources */,
				85D5A7BC2A3A2DCB004F24B5 /* ThemePicker.swift in Sources */,
				85D5A7C82A3A3020004F24B5 /* MainDiagramView.swift in Sources */,
				85D5A7B02A3A29C5004F24B5 /* ArchThemeColor.swift in Sources */,
				85D5A7CA2A3A305C004F24B5 /* ArcView.swift in Sources */,
				85D5A7B62A3A2CC7004F24B5 /* MainEdit.swift in Sources */,
				85D5A7C22A3A2EBC004F24B5 /* CounterView.swift in Sources */,
			);
			runOnlyForDeploymentPostprocessing = 0;
		};
/* End PBXSourcesBuildPhase section */

/* Begin XCBuildConfiguration section */
		85D5A7992A3A2248004F24B5 /* Debug */ = {
			isa = XCBuildConfiguration;
			buildSettings = {
				ALWAYS_SEARCH_USER_PATHS = NO;
				CLANG_ANALYZER_NONNULL = YES;
				CLANG_ANALYZER_NUMBER_OBJECT_CONVERSION = YES_AGGRESSIVE;
				CLANG_CXX_LANGUAGE_STANDARD = "gnu++20";
				CLANG_ENABLE_MODULES = YES;
				CLANG_ENABLE_OBJC_ARC = YES;
				CLANG_ENABLE_OBJC_WEAK = YES;
				CLANG_WARN_BLOCK_CAPTURE_AUTORELEASING = YES;
				CLANG_WARN_BOOL_CONVERSION = YES;
				CLANG_WARN_COMMA = YES;
				CLANG_WARN_CONSTANT_CONVERSION = YES;
				CLANG_WARN_DEPRECATED_OBJC_IMPLEMENTATIONS = YES;
				CLANG_WARN_DIRECT_OBJC_ISA_USAGE = YES_ERROR;
				CLANG_WARN_DOCUMENTATION_COMMENTS = YES;
				CLANG_WARN_EMPTY_BODY = YES;
				CLANG_WARN_ENUM_CONVERSION = YES;
				CLANG_WARN_INFINITE_RECURSION = YES;
				CLANG_WARN_INT_CONVERSION = YES;
				CLANG_WARN_NON_LITERAL_NULL_CONVERSION = YES;
				CLANG_WARN_OBJC_IMPLICIT_RETAIN_SELF = YES;
				CLANG_WARN_OBJC_LITERAL_CONVERSION = YES;
				CLANG_WARN_OBJC_ROOT_CLASS = YES_ERROR;
				CLANG_WARN_QUOTED_INCLUDE_IN_FRAMEWORK_HEADER = YES;
				CLANG_WARN_RANGE_LOOP_ANALYSIS = YES;
				CLANG_WARN_STRICT_PROTOTYPES = YES;
				CLANG_WARN_SUSPICIOUS_MOVE = YES;
				CLANG_WARN_UNGUARDED_AVAILABILITY = YES_AGGRESSIVE;
				CLANG_WARN_UNREACHABLE_CODE = YES;
				CLANG_WARN__DUPLICATE_METHOD_MATCH = YES;
				COPY_PHASE_STRIP = NO;
				DEBUG_INFORMATION_FORMAT = dwarf;
				ENABLE_STRICT_OBJC_MSGSEND = YES;
				ENABLE_TESTABILITY = YES;
				GCC_C_LANGUAGE_STANDARD = gnu11;
				GCC_DYNAMIC_NO_PIC = NO;
				GCC_NO_COMMON_BLOCKS = YES;
				GCC_OPTIMIZATION_LEVEL = 0;
				GCC_PREPROCESSOR_DEFINITIONS = (
					"DEBUG=1",
					"$(inherited)",
				);
				GCC_WARN_64_TO_32_BIT_CONVERSION = YES;
				GCC_WARN_ABOUT_RETURN_TYPE = YES_ERROR;
				GCC_WARN_UNDECLARED_SELECTOR = YES;
				GCC_WARN_UNINITIALIZED_AUTOS = YES_AGGRESSIVE;
				GCC_WARN_UNUSED_FUNCTION = YES;
				GCC_WARN_UNUSED_VARIABLE = YES;
				IPHONEOS_DEPLOYMENT_TARGET = 16.4;
				MTL_ENABLE_DEBUG_INFO = INCLUDE_SOURCE;
				MTL_FAST_MATH = YES;
				ONLY_ACTIVE_ARCH = YES;
				SDKROOT = iphoneos;
				SWIFT_ACTIVE_COMPILATION_CONDITIONS = DEBUG;
				SWIFT_OPTIMIZATION_LEVEL = "-Onone";
			};
			name = Debug;
		};
		85D5A79A2A3A2248004F24B5 /* Release */ = {
			isa = XCBuildConfiguration;
			buildSettings = {
				ALWAYS_SEARCH_USER_PATHS = NO;
				CLANG_ANALYZER_NONNULL = YES;
				CLANG_ANALYZER_NUMBER_OBJECT_CONVERSION = YES_AGGRESSIVE;
				CLANG_CXX_LANGUAGE_STANDARD = "gnu++20";
				CLANG_ENABLE_MODULES = YES;
				CLANG_ENABLE_OBJC_ARC = YES;
				CLANG_ENABLE_OBJC_WEAK = YES;
				CLANG_WARN_BLOCK_CAPTURE_AUTORELEASING = YES;
				CLANG_WARN_BOOL_CONVERSION = YES;
				CLANG_WARN_COMMA = YES;
				CLANG_WARN_CONSTANT_CONVERSION = YES;
				CLANG_WARN_DEPRECATED_OBJC_IMPLEMENTATIONS = YES;
				CLANG_WARN_DIRECT_OBJC_ISA_USAGE = YES_ERROR;
				CLANG_WARN_DOCUMENTATION_COMMENTS = YES;
				CLANG_WARN_EMPTY_BODY = YES;
				CLANG_WARN_ENUM_CONVERSION = YES;
				CLANG_WARN_INFINITE_RECURSION = YES;
				CLANG_WARN_INT_CONVERSION = YES;
				CLANG_WARN_NON_LITERAL_NULL_CONVERSION = YES;
				CLANG_WARN_OBJC_IMPLICIT_RETAIN_SELF = YES;
				CLANG_WARN_OBJC_LITERAL_CONVERSION = YES;
				CLANG_WARN_OBJC_ROOT_CLASS = YES_ERROR;
				CLANG_WARN_QUOTED_INCLUDE_IN_FRAMEWORK_HEADER = YES;
				CLANG_WARN_RANGE_LOOP_ANALYSIS = YES;
				CLANG_WARN_STRICT_PROTOTYPES = YES;
				CLANG_WARN_SUSPICIOUS_MOVE = YES;
				CLANG_WARN_UNGUARDED_AVAILABILITY = YES_AGGRESSIVE;
				CLANG_WARN_UNREACHABLE_CODE = YES;
				CLANG_WARN__DUPLICATE_METHOD_MATCH = YES;
				COPY_PHASE_STRIP = NO;
				DEBUG_INFORMATION_FORMAT = "dwarf-with-dsym";
				ENABLE_NS_ASSERTIONS = NO;
				ENABLE_STRICT_OBJC_MSGSEND = YES;
				GCC_C_LANGUAGE_STANDARD = gnu11;
				GCC_NO_COMMON_BLOCKS = YES;
				GCC_WARN_64_TO_32_BIT_CONVERSION = YES;
				GCC_WARN_ABOUT_RETURN_TYPE = YES_ERROR;
				GCC_WARN_UNDECLARED_SELECTOR = YES;
				GCC_WARN_UNINITIALIZED_AUTOS = YES_AGGRESSIVE;
				GCC_WARN_UNUSED_FUNCTION = YES;
				GCC_WARN_UNUSED_VARIABLE = YES;
				IPHONEOS_DEPLOYMENT_TARGET = 16.4;
				MTL_ENABLE_DEBUG_INFO = NO;
				MTL_FAST_MATH = YES;
				SDKROOT = iphoneos;
				SWIFT_COMPILATION_MODE = wholemodule;
				SWIFT_OPTIMIZATION_LEVEL = "-O";
				VALIDATE_PRODUCT = YES;
			};
			name = Release;
		};
		85D5A79C2A3A2248004F24B5 /* Debug */ = {
			isa = XCBuildConfiguration;
			buildSettings = {
				ASSETCATALOG_COMPILER_APPICON_NAME = AppIcon;
				ASSETCATALOG_COMPILER_GLOBAL_ACCENT_COLOR_NAME = AccentColor;
				CODE_SIGN_STYLE = Automatic;
				CURRENT_PROJECT_VERSION = 1;
				DEVELOPMENT_ASSET_PATHS = "\"ActivityTracker4.0/Preview Content\"";
				DEVELOPMENT_TEAM = 4LR58F43S2;
				ENABLE_PREVIEWS = YES;
				GENERATE_INFOPLIST_FILE = YES;
				INFOPLIST_KEY_CFBundleDisplayName = "Activity Tracker";
				INFOPLIST_KEY_LSApplicationCategoryType = "public.app-category.business";
				INFOPLIST_KEY_UIApplicationSceneManifest_Generation = YES;
				INFOPLIST_KEY_UIApplicationSupportsIndirectInputEvents = YES;
				INFOPLIST_KEY_UILaunchScreen_Generation = YES;
				INFOPLIST_KEY_UISupportedInterfaceOrientations_iPad = "UIInterfaceOrientationPortrait UIInterfaceOrientationPortraitUpsideDown UIInterfaceOrientationLandscapeLeft UIInterfaceOrientationLandscapeRight";
				INFOPLIST_KEY_UISupportedInterfaceOrientations_iPhone = "UIInterfaceOrientationPortrait UIInterfaceOrientationLandscapeLeft UIInterfaceOrientationLandscapeRight";
				LD_RUNPATH_SEARCH_PATHS = (
					"$(inherited)",
					"@executable_path/Frameworks",
				);
				MARKETING_VERSION = 4.0;
				PRODUCT_BUNDLE_IDENTIFIER = "com.Lgl.ActivityTracker4-0";
				PRODUCT_NAME = "$(TARGET_NAME)";
				SWIFT_EMIT_LOC_STRINGS = YES;
				SWIFT_VERSION = 5.0;
				TARGETED_DEVICE_FAMILY = "1,2";
			};
			name = Debug;
		};
		85D5A79D2A3A2248004F24B5 /* Release */ = {
			isa = XCBuildConfiguration;
			buildSettings = {
				ASSETCATALOG_COMPILER_APPICON_NAME = AppIcon;
				ASSETCATALOG_COMPILER_GLOBAL_ACCENT_COLOR_NAME = AccentColor;
				CODE_SIGN_STYLE = Automatic;
				CURRENT_PROJECT_VERSION = 1;
				DEVELOPMENT_ASSET_PATHS = "\"ActivityTracker4.0/Preview Content\"";
				DEVELOPMENT_TEAM = 4LR58F43S2;
				ENABLE_PREVIEWS = YES;
				GENERATE_INFOPLIST_FILE = YES;
				INFOPLIST_KEY_CFBundleDisplayName = "Activity Tracker";
				INFOPLIST_KEY_LSApplicationCategoryType = "public.app-category.business";
				INFOPLIST_KEY_UIApplicationSceneManifest_Generation = YES;
				INFOPLIST_KEY_UIApplicationSupportsIndirectInputEvents = YES;
				INFOPLIST_KEY_UILaunchScreen_Generation = YES;
				INFOPLIST_KEY_UISupportedInterfaceOrientations_iPad = "UIInterfaceOrientationPortrait UIInterfaceOrientationPortraitUpsideDown UIInterfaceOrientationLandscapeLeft UIInterfaceOrientationLandscapeRight";
				INFOPLIST_KEY_UISupportedInterfaceOrientations_iPhone = "UIInterfaceOrientationPortrait UIInterfaceOrientationLandscapeLeft UIInterfaceOrientationLandscapeRight";
				LD_RUNPATH_SEARCH_PATHS = (
					"$(inherited)",
					"@executable_path/Frameworks",
				);
				MARKETING_VERSION = 4.0;
				PRODUCT_BUNDLE_IDENTIFIER = "com.Lgl.ActivityTracker4-0";
				PRODUCT_NAME = "$(TARGET_NAME)";
				SWIFT_EMIT_LOC_STRINGS = YES;
				SWIFT_VERSION = 5.0;
				TARGETED_DEVICE_FAMILY = "1,2";
			};
			name = Release;
		};
/* End XCBuildConfiguration section */

/* Begin XCConfigurationList section */
		85D5A7882A3A2243004F24B5 /* Build configuration list for PBXProject "ActivityTracker4.0" */ = {
			isa = XCConfigurationList;
			buildConfigurations = (
				85D5A7992A3A2248004F24B5 /* Debug */,
				85D5A79A2A3A2248004F24B5 /* Release */,
			);
			defaultConfigurationIsVisible = 0;
			defaultConfigurationName = Release;
		};
		85D5A79B2A3A2248004F24B5 /* Build configuration list for PBXNativeTarget "ActivityTracker4.0" */ = {
			isa = XCConfigurationList;
			buildConfigurations = (
				85D5A79C2A3A2248004F24B5 /* Debug */,
				85D5A79D2A3A2248004F24B5 /* Release */,
			);
			defaultConfigurationIsVisible = 0;
			defaultConfigurationName = Release;
		};
/* End XCConfigurationList section */
	};
	rootObject = 85D5A7852A3A2243004F24B5 /* Project object */;
}
